
Microsoft Visual Studio Solution File, Format Version 12.00
# Visual Studio Version 17
VisualStudioVersion = 17.8.34309.116
MinimumVisualStudioVersion = 10.0.40219.1
Project("{FAE04EC0-301F-11D3-BF4B-00C04F79EFBC}") = "BookVilla.Web", "BookVilla.Web\BookVilla.Web.csproj", "{54FD4999-B868-4414-A9B8-9F10CC53A5F9}"
EndProject
Project("{FAE04EC0-301F-11D3-BF4B-00C04F79EFBC}") = "BookVilla.Domain", "BookVilla.Domain\BookVilla.Domain.csproj", "{5D59372E-EBBF-4B10-A7EF-3BA193947310}"
EndProject
Project("{FAE04EC0-301F-11D3-BF4B-00C04F79EFBC}") = "BookVilla.Application", "BookVilla.Application\BookVilla.Application.csproj", "{FC90AE52-E263-4BA5-8528-FEB359BB6100}"
EndProject
Project("{FAE04EC0-301F-11D3-BF4B-00C04F79EFBC}") = "BookVilla.Infrastructure", "BookVilla.Infrastructure\BookVilla.Infrastructure.csproj", "{0316E3BC-E393-4A35-9494-A37B048504A6}"
EndProject
Global
	GlobalSection(SolutionConfigurationPlatforms) = preSolution
		Debug|Any CPU = Debug|Any CPU
		Release|Any CPU = Release|Any CPU
	EndGlobalSection
	GlobalSection(ProjectConfigurationPlatforms) = postSolution
		{54FD4999-B868-4414-A9B8-9F10CC53A5F9}.Debug|Any CPU.ActiveCfg = Debug|Any CPU
		{54FD4999-B868-4414-A9B8-9F10CC53A5F9}.Debug|Any CPU.Build.0 = Debug|Any CPU
		{54FD4999-B868-4414-A9B8-9F10CC53A5F9}.Release|Any CPU.ActiveCfg = Release|Any CPU
		{54FD4999-B868-4414-A9B8-9F10CC53A5F9}.Release|Any CPU.Build.0 = Release|Any CPU
		{5D59372E-EBBF-4B10-A7EF-3BA193947310}.Debug|Any CPU.ActiveCfg = Debug|Any CPU
		{5D59372E-EBBF-4B10-A7EF-3BA193947310}.Debug|Any CPU.Build.0 = Debug|Any CPU
		{5D59372E-EBBF-4B10-A7EF-3BA193947310}.Release|Any CPU.ActiveCfg = Release|Any CPU
		{5D59372E-EBBF-4B10-A7EF-3BA193947310}.Release|Any CPU.Build.0 = Release|Any CPU
		{FC90AE52-E263-4BA5-8528-FEB359BB6100}.Debug|Any CPU.ActiveCfg = Debug|Any CPU
		{FC90AE52-E263-4BA5-8528-FEB359BB6100}.Debug|Any CPU.Build.0 = Debug|Any CPU
		{FC90AE52-E263-4BA5-8528-FEB359BB6100}.Release|Any CPU.ActiveCfg = Release|Any CPU
		{FC90AE52-E263-4BA5-8528-FEB359BB6100}.Release|Any CPU.Build.0 = Release|Any CPU
		{0316E3BC-E393-4A35-9494-A37B048504A6}.Debug|Any CPU.ActiveCfg = Debug|Any CPU
		{0316E3BC-E393-4A35-9494-A37B048504A6}.Debug|Any CPU.Build.0 = Debug|Any CPU
		{0316E3BC-E393-4A35-9494-A37B048504A6}.Release|Any CPU.ActiveCfg = Release|Any CPU
		{0316E3BC-E393-4A35-9494-A37B048504A6}.Release|Any CPU.Build.0 = Release|Any CPU
	EndGlobalSection
	GlobalSection(SolutionProperties) = preSolution
		HideSolutionNode = FALSE
	EndGlobalSection
	GlobalSection(ExtensibilityGlobals) = postSolution
		SolutionGuid = {A5F472F0-49D4-4939-8E9C-A9F8D5E21357}
	EndGlobalSection
EndGlobal
